// !$*UTF8*$!
{
	archiveVersion = 1;
	classes = {
	};
	objectVersion = 46;
	objects = {

/* Begin PBXBuildFile section */
		19DC27A41F360CBE00B18D5E /* AppDelegate.swift in Sources */ = {isa = PBXBuildFile; fileRef = 19DC27A31F360CBE00B18D5E /* AppDelegate.swift */; };
		19DC27A61F360CBE00B18D5E /* ViewController.swift in Sources */ = {isa = PBXBuildFile; fileRef = 19DC27A51F360CBE00B18D5E /* ViewController.swift */; };
		19DC27A91F360CBE00B18D5E /* Main.storyboard in Resources */ = {isa = PBXBuildFile; fileRef = 19DC27A71F360CBE00B18D5E /* Main.storyboard */; };
		19DC27AC1F360CBE00B18D5E /* NotesApp.xcdatamodeld in Sources */ = {isa = PBXBuildFile; fileRef = 19DC27AA1F360CBE00B18D5E /* NotesApp.xcdatamodeld */; };
		19DC27AE1F360CBE00B18D5E /* Assets.xcassets in Resources */ = {isa = PBXBuildFile; fileRef = 19DC27AD1F360CBE00B18D5E /* Assets.xcassets */; };
		19DC27B11F360CBE00B18D5E /* LaunchScreen.storyboard in Resources */ = {isa = PBXBuildFile; fileRef = 19DC27AF1F360CBE00B18D5E /* LaunchScreen.storyboard */; };
		19DC27C51F361E9A00B18D5E /* DetailsVC.swift in Sources */ = {isa = PBXBuildFile; fileRef = 19DC27C41F361E9A00B18D5E /* DetailsVC.swift */; };
/* End PBXBuildFile section */

/* Begin PBXFileReference section */
		19DC27A01F360CBE00B18D5E /* NotesApp.app */ = {isa = PBXFileReference; explicitFileType = wrapper.application; includeInIndex = 0; path = NotesApp.app; sourceTree = BUILT_PRODUCTS_DIR; };
		19DC27A31F360CBE00B18D5E /* AppDelegate.swift */ = {isa = PBXFileReference; lastKnownFileType = sourcecode.swift; path = AppDelegate.swift; sourceTree = "<group>"; };
		19DC27A51F360CBE00B18D5E /* ViewController.swift */ = {isa = PBXFileReference; lastKnownFileType = sourcecode.swift; path = ViewController.swift; sourceTree = "<group>"; };
		19DC27A81F360CBE00B18D5E /* Base */ = {isa = PBXFileReference; lastKnownFileType = file.storyboard; name = Base; path = Base.lproj/Main.storyboard; sourceTree = "<group>"; };
		19DC27AB1F360CBE00B18D5E /* NotesApp.xcdatamodel */ = {isa = PBXFileReference; lastKnownFileType = wrapper.xcdatamodel; path = NotesApp.xcdatamodel; sourceTree = "<group>"; };
		19DC27AD1F360CBE00B18D5E /* Assets.xcassets */ = {isa = PBXFileReference; lastKnownFileType = folder.assetcatalog; path = Assets.xcassets; sourceTree = "<group>"; };
		19DC27B01F360CBE00B18D5E /* Base */ = {isa = PBXFileReference; lastKnownFileType = file.storyboard; name = Base; path = Base.lproj/LaunchScreen.storyboard; sourceTree = "<group>"; };
		19DC27B21F360CBE00B18D5E /* Info.plist */ = {isa = PBXFileReference; lastKnownFileType = text.plist.xml; path = Info.plist; sourceTree = "<group>"; };
		19DC27C41F361E9A00B18D5E /* DetailsVC.swift */ = {isa = PBXFileReference; fileEncoding = 4; lastKnownFileType = sourcecode.swift; path = DetailsVC.swift; sourceTree = "<group>"; };
/* End PBXFileReference section */

/* Begin PBXFrameworksBuildPhase section */
		19DC279D1F360CBE00B18D5E /* Frameworks */ = {
			isa = PBXFrameworksBuildPhase;
			buildActionMask = 2147483647;
			files = (
			);
			runOnlyForDeploymentPostprocessing = 0;
		};
/* End PBXFrameworksBuildPhase section */

/* Begin PBXGroup section */
		19DC27971F360CBE00B18D5E = {
			isa = PBXGroup;
			children = (
				19DC27A21F360CBE00B18D5E /* NotesApp */,
				19DC27A11F360CBE00B18D5E /* Products */,
			);
			sourceTree = "<group>";
		};
		19DC27A11F360CBE00B18D5E /* Products */ = {
			isa = PBXGroup;
			children = (
				19DC27A01F360CBE00B18D5E /* NotesApp.app */,
			);
			name = Products;
			sourceTree = "<group>";
		};
		19DC27A21F360CBE00B18D5E /* NotesApp */ = {
			isa = PBXGroup;
			children = (
				19DC27BB1F360F1500B18D5E /* Model */,
				19DC27BA1F360F1000B18D5E /* View */,
				19DC27B91F360F0800B18D5E /* Controller */,
				19DC27B81F360EFF00B18D5E /* Resources */,
				19DC27A71F360CBE00B18D5E /* Main.storyboard */,
				19DC27AF1F360CBE00B18D5E /* LaunchScreen.storyboard */,
				19DC27AA1F360CBE00B18D5E /* NotesApp.xcdatamodeld */,
			);
			path = NotesApp;
			sourceTree = "<group>";
		};
		19DC27B81F360EFF00B18D5E /* Resources */ = {
			isa = PBXGroup;
			children = (
				19DC27AD1F360CBE00B18D5E /* Assets.xcassets */,
				19DC27B21F360CBE00B18D5E /* Info.plist */,
			);
			name = Resources;
			sourceTree = "<group>";
		};
		19DC27B91F360F0800B18D5E /* Controller */ = {
			isa = PBXGroup;
			children = (
				19DC27A31F360CBE00B18D5E /* AppDelegate.swift */,
				19DC27A51F360CBE00B18D5E /* ViewController.swift */,
				19DC27C41F361E9A00B18D5E /* DetailsVC.swift */,
			);
			name = Controller;
			sourceTree = "<group>";
		};
		19DC27BA1F360F1000B18D5E /* View */ = {
			isa = PBXGroup;
			children = (
			);
			name = View;
			sourceTree = "<group>";
		};
		19DC27BB1F360F1500B18D5E /* Model */ = {
			isa = PBXGroup;
			children = (
			);
			name = Model;
			sourceTree = "<group>";
		};
/* End PBXGroup section */

/* Begin PBXNativeTarget section */
		19DC279F1F360CBE00B18D5E /* NotesApp */ = {
			isa = PBXNativeTarget;
			buildConfigurationList = 19DC27B51F360CBE00B18D5E /* Build configuration list for PBXNativeTarget "NotesApp" */;
			buildPhases = (
				19DC279C1F360CBE00B18D5E /* Sources */,
				19DC279D1F360CBE00B18D5E /* Frameworks */,
				19DC279E1F360CBE00B18D5E /* Resources */,
			);
			buildRules = (
			);
			dependencies = (
			);
			name = NotesApp;
			productName = NotesApp;
			productReference = 19DC27A01F360CBE00B18D5E /* NotesApp.app */;
			productType = "com.apple.product-type.application";
		};
/* End PBXNativeTarget section */

/* Begin PBXProject section */
		19DC27981F360CBE00B18D5E /* Project object */ = {
			isa = PBXProject;
			attributes = {
				LastSwiftUpdateCheck = 0830;
				LastUpgradeCheck = 0830;
				ORGANIZATIONNAME = rao;
				TargetAttributes = {
					19DC279F1F360CBE00B18D5E = {
						CreatedOnToolsVersion = 8.3.3;
						DevelopmentTeam = 9A2PDJUEFW;
						ProvisioningStyle = Automatic;
					};
				};
			};
			buildConfigurationList = 19DC279B1F360CBE00B18D5E /* Build configuration list for PBXProject "NotesApp" */;
			compatibilityVersion = "Xcode 3.2";
			developmentRegion = English;
			hasScannedForEncodings = 0;
			knownRegions = (
				en,
				Base,
			);
			mainGroup = 19DC27971F360CBE00B18D5E;
			productRefGroup = 19DC27A11F360CBE00B18D5E /* Products */;
			projectDirPath = "";
			projectRoot = "";
			targets = (
				19DC279F1F360CBE00B18D5E /* NotesApp */,
			);
		};
/* End PBXProject section */

/* Begin PBXResourcesBuildPhase section */
		19DC279E1F360CBE00B18D5E /* Resources */ = {
			isa = PBXResourcesBuildPhase;
			buildActionMask = 2147483647;
			files = (
				19DC27B11F360CBE00B18D5E /* LaunchScreen.storyboard in Resources */,
				19DC27AE1F360CBE00B18D5E /* Assets.xcassets in Resources */,
				19DC27A91F360CBE00B18D5E /* Main.storyboard in Resources */,
			);
			runOnlyForDeploymentPostprocessing = 0;
		};
/* End PBXResourcesBuildPhase section */

/* Begin PBXSourcesBuildPhase section */
		19DC279C1F360CBE00B18D5E /* Sources */ = {
			isa = PBXSourcesBuildPhase;
			buildActionMask = 2147483647;
			files = (
				19DC27AC1F360CBE00B18D5E /* NotesApp.xcdatamodeld in Sources */,
				19DC27C51F361E9A00B18D5E /* DetailsVC.swift in Sources */,
				19DC27A61F360CBE00B18D5E /* ViewController.swift in Sources */,
				19DC27A41F360CBE00B18D5E /* AppDelegate.swift in Sources */,
			);
			runOnlyForDeploymentPostprocessing = 0;
		};
/* End PBXSourcesBuildPhase section */

/* Begin PBXVariantGroup section */
		19DC27A71F360CBE00B18D5E /* Main.storyboard */ = {
			isa = PBXVariantGroup;
			children = (
				19DC27A81F360CBE00B18D5E /* Base */,
			);
			name = Main.storyboard;
			sourceTree = "<group>";
		};
		19DC27AF1F360CBE00B18D5E /* LaunchScreen.storyboard */ = {
			isa = PBXVariantGroup;
			children = (
				19DC27B01F360CBE00B18D5E /* Base */,
			);
			name = LaunchScreen.storyboard;
			sourceTree = "<group>";
		};
/* End PBXVariantGroup section */

/* Begin XCBuildConfiguration section */
		19DC27B31F360CBE00B18D5E /* Debug */ = {
			isa = XCBuildConfiguration;
			buildSettings = {
				ALWAYS_SEARCH_USER_PATHS = NO;
				CLANG_ANALYZER_NONNULL = YES;
				CLANG_ANALYZER_NUMBER_OBJECT_CONVERSION = YES_AGGRESSIVE;
				CLANG_CXX_LANGUAGE_STANDARD = "gnu++0x";
				CLANG_CXX_LIBRARY = "libc++";
				CLANG_ENABLE_MODULES = YES;
				CLANG_ENABLE_OBJC_ARC = YES;
				CLANG_WARN_BOOL_CONVERSION = YES;
				CLANG_WARN_CONSTANT_CONVERSION = YES;
				CLANG_WARN_DIRECT_OBJC_ISA_USAGE = YES_ERROR;
				CLANG_WARN_DOCUMENTATION_COMMENTS = YES;
				CLANG_WARN_EMPTY_BODY = YES;
				CLANG_WARN_ENUM_CONVERSION = YES;
				CLANG_WARN_INFINITE_RECURSION = YES;
				CLANG_WARN_INT_CONVERSION = YES;
				CLANG_WARN_OBJC_ROOT_CLASS = YES_ERROR;
				CLANG_WARN_SUSPICIOUS_MOVE = YES;
				CLANG_WARN_UNREACHABLE_CODE = YES;
				CLANG_WARN__DUPLICATE_METHOD_MATCH = YES;
				"CODE_SIGN_IDENTITY[sdk=iphoneos*]" = "iPhone Developer";
				COPY_PHASE_STRIP = NO;
				DEBUG_INFORMATION_FORMAT = dwarf;
				ENABLE_STRICT_OBJC_MSGSEND = YES;
				ENABLE_TESTABILITY = YES;
				GCC_C_LANGUAGE_STANDARD = gnu99;
				GCC_DYNAMIC_NO_PIC = NO;
				GCC_NO_COMMON_BLOCKS = YES;
				GCC_OPTIMIZATION_LEVEL = 0;
				GCC_PREPROCESSOR_DEFINITIONS = (
					"DEBUG=1",
					"$(inherited)",
				);
				GCC_WARN_64_TO_32_BIT_CONVERSION = YES;
				GCC_WARN_ABOUT_RETURN_TYPE = YES_ERROR;
				GCC_WARN_UNDECLARED_SELECTOR = YES;
				GCC_WARN_UNINITIALIZED_AUTOS = YES_AGGRESSIVE;
				GCC_WARN_UNUSED_FUNCTION = YES;
				GCC_WARN_UNUSED_VARIABLE = YES;
				IPHONEOS_DEPLOYMENT_TARGET = 10.3;
				MTL_ENABLE_DEBUG_INFO = YES;
				ONLY_ACTIVE_ARCH = YES;
				SDKROOT = iphoneos;
				SWIFT_ACTIVE_COMPILATION_CONDITIONS = DEBUG;
				SWIFT_OPTIMIZATION_LEVEL = "-Onone";
				TARGETED_DEVICE_FAMILY = "1,2";
			};
			name = Debug;
		};
		19DC27B41F360CBE00B18D5E /* Release */ = {
			isa = XCBuildConfiguration;
			buildSettings = {
				ALWAYS_SEARCH_USER_PATHS = NO;
				CLANG_ANALYZER_NONNULL = YES;
				CLANG_ANALYZER_NUMBER_OBJECT_CONVERSION = YES_AGGRESSIVE;
				CLANG_CXX_LANGUAGE_STANDARD = "gnu++0x";
				CLANG_CXX_LIBRARY = "libc++";
				CLANG_ENABLE_MODULES = YES;
				CLANG_ENABLE_OBJC_ARC = YES;
				CLANG_WARN_BOOL_CONVERSION = YES;
				CLANG_WARN_CONSTANT_CONVERSION = YES;
				CLANG_WARN_DIRECT_OBJC_ISA_USAGE = YES_ERROR;
				CLANG_WARN_DOCUMENTATION_COMMENTS = YES;
				CLANG_WARN_EMPTY_BODY = YES;
				CLANG_WARN_ENUM_CONVERSION = YES;
				CLANG_WARN_INFINITE_RECURSION = YES;
				CLANG_WARN_INT_CONVERSION = YES;
				CLANG_WARN_OBJC_ROOT_CLASS = YES_ERROR;
				CLANG_WARN_SUSPICIOUS_MOVE = YES;
				CLANG_WARN_UNREACHABLE_CODE = YES;
				CLANG_WARN__DUPLICATE_METHOD_MATCH = YES;
				"CODE_SIGN_IDENTITY[sdk=iphoneos*]" = "iPhone Developer";
				COPY_PHASE_STRIP = NO;
				DEBUG_INFORMATION_FORMAT = "dwarf-with-dsym";
				ENABLE_NS_ASSERTIONS = NO;
				ENABLE_STRICT_OBJC_MSGSEND = YES;
				GCC_C_LANGUAGE_STANDARD = gnu99;
				GCC_NO_COMMON_BLOCKS = YES;
				GCC_WARN_64_TO_32_BIT_CONVERSION = YES;
				GCC_WARN_ABOUT_RETURN_TYPE = YES_ERROR;
				GCC_WARN_UNDECLARED_SELECTOR = YES;
				GCC_WARN_UNINITIALIZED_AUTOS = YES_AGGRESSIVE;
				GCC_WARN_UNUSED_FUNCTION = YES;
				GCC_WARN_UNUSED_VARIABLE = YES;
				IPHONEOS_DEPLOYMENT_TARGET = 10.3;
				MTL_ENABLE_DEBUG_INFO = NO;
				SDKROOT = iphoneos;
				SWIFT_OPTIMIZATION_LEVEL = "-Owholemodule";
				TARGETED_DEVICE_FAMILY = "1,2";
				VALIDATE_PRODUCT = YES;
			};
			name = Release;
		};
		19DC27B61F360CBE00B18D5E /* Debug */ = {
			isa = XCBuildConfiguration;
			buildSettings = {
				ASSETCATALOG_COMPILER_APPICON_NAME = AppIcon;
				DEVELOPMENT_TEAM = 9A2PDJUEFW;
				INFOPLIST_FILE = NotesApp/Info.plist;
				LD_RUNPATH_SEARCH_PATHS = "$(inherited) @executable_path/Frameworks";
				PRODUCT_BUNDLE_IDENTIFIER = com.rao.NotesApp;
				PRODUCT_NAME = "$(TARGET_NAME)";
				SWIFT_VERSION = 3.0;
			};
			name = Debug;
		};
		19DC27B71F360CBE00B18D5E /* Release */ = {
			isa = XCBuildConfiguration;
			buildSettings = {
				ASSETCATALOG_COMPILER_APPICON_NAME = AppIcon;
				DEVELOPMENT_TEAM = 9A2PDJUEFW;
				INFOPLIST_FILE = NotesApp/Info.plist;
				LD_RUNPATH_SEARCH_PATHS = "$(inherited) @executable_path/Frameworks";
				PRODUCT_BUNDLE_IDENTIFIER = com.rao.NotesApp;
				PRODUCT_NAME = "$(TARGET_NAME)";
				SWIFT_VERSION = 3.0;
			};
			name = Release;
		};
/* End XCBuildConfiguration section */

/* Begin XCConfigurationList section */
		19DC279B1F360CBE00B18D5E /* Build configuration list for PBXProject "NotesApp" */ = {
			isa = XCConfigurationList;
			buildConfigurations = (
				19DC27B31F360CBE00B18D5E /* Debug */,
				19DC27B41F360CBE00B18D5E /* Release */,
			);
			defaultConfigurationIsVisible = 0;
			defaultConfigurationName = Release;
		};
		19DC27B51F360CBE00B18D5E /* Build configuration list for PBXNativeTarget "NotesApp" */ = {
			isa = XCConfigurationList;
			buildConfigurations = (
				19DC27B61F360CBE00B18D5E /* Debug */,
				19DC27B71F360CBE00B18D5E /* Release */,
			);
			defaultConfigurationIsVisible = 0;
		};
/* End XCConfigurationList section */

/* Begin XCVersionGroup section */
		19DC27AA1F360CBE00B18D5E /* NotesApp.xcdatamodeld */ = {
			isa = XCVersionGroup;
			children = (
				19DC27AB1F360CBE00B18D5E /* NotesApp.xcdatamodel */,
			);
			currentVersion = 19DC27AB1F360CBE00B18D5E /* NotesApp.xcdatamodel */;
			path = NotesApp.xcdatamodeld;
			sourceTree = "<group>";
			versionGroupType = wrapper.xcdatamodel;
		};
/* End XCVersionGroup section */
	};
	rootObject = 19DC27981F360CBE00B18D5E /* Project object */;
}
